// !$*UTF8*$!
{
	archiveVersion = 1;
	classes = {
	};
	objectVersion = 56;
	objects = {

/* Begin PBXBuildFile section */
		54063B6A2C040E3E00A82864 /* FoodViewController.swift in Sources */ = {isa = PBXBuildFile; fileRef = 54063B692C040E3E00A82864 /* FoodViewController.swift */; };
		54063B6D2C04181E00A82864 /* FoodTableViewCell.swift in Sources */ = {isa = PBXBuildFile; fileRef = 54063B6B2C04181E00A82864 /* FoodTableViewCell.swift */; };
		54063B6E2C04181E00A82864 /* FoodTableViewCell.xib in Resources */ = {isa = PBXBuildFile; fileRef = 54063B6C2C04181E00A82864 /* FoodTableViewCell.xib */; };
		54063B702C041FA100A82864 /* Restaurant.swift in Sources */ = {isa = PBXBuildFile; fileRef = 54063B6F2C041FA100A82864 /* Restaurant.swift */; };
		54063B732C042B0900A82864 /* Kingfisher in Frameworks */ = {isa = PBXBuildFile; productRef = 54063B722C042B0900A82864 /* Kingfisher */; };
		54063B752C0437B800A82864 /* UIViewController+Extension.swift in Sources */ = {isa = PBXBuildFile; fileRef = 54063B742C0437B800A82864 /* UIViewController+Extension.swift */; };
		54063B772C0439A900A82864 /* UILabel+Extension.swift in Sources */ = {isa = PBXBuildFile; fileRef = 54063B762C0439A900A82864 /* UILabel+Extension.swift */; };
		54644FC22BFEC7590042CA5F /* AppDelegate.swift in Sources */ = {isa = PBXBuildFile; fileRef = 54644FC12BFEC7590042CA5F /* AppDelegate.swift */; };
		54644FC42BFEC7590042CA5F /* SceneDelegate.swift in Sources */ = {isa = PBXBuildFile; fileRef = 54644FC32BFEC7590042CA5F /* SceneDelegate.swift */; };
		54644FC62BFEC7590042CA5F /* ViewController.swift in Sources */ = {isa = PBXBuildFile; fileRef = 54644FC52BFEC7590042CA5F /* ViewController.swift */; };
		54644FC92BFEC7590042CA5F /* Base in Resources */ = {isa = PBXBuildFile; fileRef = 54644FC82BFEC7590042CA5F /* Base */; };
		54644FCB2BFEC7590042CA5F /* Assets.xcassets in Resources */ = {isa = PBXBuildFile; fileRef = 54644FCA2BFEC7590042CA5F /* Assets.xcassets */; };
		54644FCE2BFEC7590042CA5F /* Base in Resources */ = {isa = PBXBuildFile; fileRef = 54644FCD2BFEC7590042CA5F /* Base */; };
		54644FD62BFED9930042CA5F /* HateViewController.swift in Sources */ = {isa = PBXBuildFile; fileRef = 54644FD52BFED9930042CA5F /* HateViewController.swift */; };
		54644FD82BFEEB030042CA5F /* ShowViewController.swift in Sources */ = {isa = PBXBuildFile; fileRef = 54644FD72BFEEB030042CA5F /* ShowViewController.swift */; };
		54644FDA2BFEEB070042CA5F /* ModalViewController.swift in Sources */ = {isa = PBXBuildFile; fileRef = 54644FD92BFEEB070042CA5F /* ModalViewController.swift */; };
		54644FDC2BFF06070042CA5F /* Todo.storyboard in Resources */ = {isa = PBXBuildFile; fileRef = 54644FDB2BFF06070042CA5F /* Todo.storyboard */; };
		54644FDE2BFF06BD0042CA5F /* Search.storyboard in Resources */ = {isa = PBXBuildFile; fileRef = 54644FDD2BFF06BD0042CA5F /* Search.storyboard */; };
		54644FE02BFF16190042CA5F /* SimpleTableViewController.swift in Sources */ = {isa = PBXBuildFile; fileRef = 54644FDF2BFF16190042CA5F /* SimpleTableViewController.swift */; };
		54644FE22BFF1E0B0042CA5F /* SimpleTableViewCell.swift in Sources */ = {isa = PBXBuildFile; fileRef = 54644FE12BFF1E0B0042CA5F /* SimpleTableViewCell.swift */; };
		54644FE42BFF23EB0042CA5F /* Assignment.storyboard in Resources */ = {isa = PBXBuildFile; fileRef = 54644FE32BFF23EB0042CA5F /* Assignment.storyboard */; };
		54644FE82BFF28720042CA5F /* SettingTableViewController.swift in Sources */ = {isa = PBXBuildFile; fileRef = 54644FE72BFF28720042CA5F /* SettingTableViewController.swift */; };
		54644FEA2BFF2BF90042CA5F /* ShoppingTableViewController.swift in Sources */ = {isa = PBXBuildFile; fileRef = 54644FE92BFF2BF90042CA5F /* ShoppingTableViewController.swift */; };
		54644FEC2BFF32C40042CA5F /* ShoppingTableViewCell.swift in Sources */ = {isa = PBXBuildFile; fileRef = 54644FEB2BFF32C40042CA5F /* ShoppingTableViewCell.swift */; };
		54644FEE2C002DC70042CA5F /* TodoTableViewController.swift in Sources */ = {isa = PBXBuildFile; fileRef = 54644FED2C002DC70042CA5F /* TodoTableViewController.swift */; };
		54644FF02C005D4D0042CA5F /* SearchTableViewController.swift in Sources */ = {isa = PBXBuildFile; fileRef = 54644FEF2C005D4D0042CA5F /* SearchTableViewController.swift */; };
		54644FF22C005DA00042CA5F /* SearchTableViewCell.swift in Sources */ = {isa = PBXBuildFile; fileRef = 54644FF12C005DA00042CA5F /* SearchTableViewCell.swift */; };
		54644FF52C0074470042CA5F /* Shoping.swift in Sources */ = {isa = PBXBuildFile; fileRef = 54644FF42C0074470042CA5F /* Shoping.swift */; };
/* End PBXBuildFile section */

/* Begin PBXFileReference section */
		54063B692C040E3E00A82864 /* FoodViewController.swift */ = {isa = PBXFileReference; lastKnownFileType = sourcecode.swift; path = FoodViewController.swift; sourceTree = "<group>"; };
		54063B6B2C04181E00A82864 /* FoodTableViewCell.swift */ = {isa = PBXFileReference; lastKnownFileType = sourcecode.swift; path = FoodTableViewCell.swift; sourceTree = "<group>"; };
		54063B6C2C04181E00A82864 /* FoodTableViewCell.xib */ = {isa = PBXFileReference; lastKnownFileType = file.xib; path = FoodTableViewCell.xib; sourceTree = "<group>"; };
		54063B6F2C041FA100A82864 /* Restaurant.swift */ = {isa = PBXFileReference; fileEncoding = 4; lastKnownFileType = sourcecode.swift; path = Restaurant.swift; sourceTree = "<group>"; };
		54063B742C0437B800A82864 /* UIViewController+Extension.swift */ = {isa = PBXFileReference; lastKnownFileType = sourcecode.swift; path = "UIViewController+Extension.swift"; sourceTree = "<group>"; };
		54063B762C0439A900A82864 /* UILabel+Extension.swift */ = {isa = PBXFileReference; lastKnownFileType = sourcecode.swift; path = "UILabel+Extension.swift"; sourceTree = "<group>"; };
		54644FBE2BFEC7590042CA5F /* 20240523TableView.app */ = {isa = PBXFileReference; explicitFileType = wrapper.application; includeInIndex = 0; path = 20240523TableView.app; sourceTree = BUILT_PRODUCTS_DIR; };
		54644FC12BFEC7590042CA5F /* AppDelegate.swift */ = {isa = PBXFileReference; lastKnownFileType = sourcecode.swift; path = AppDelegate.swift; sourceTree = "<group>"; };
		54644FC32BFEC7590042CA5F /* SceneDelegate.swift */ = {isa = PBXFileReference; lastKnownFileType = sourcecode.swift; path = SceneDelegate.swift; sourceTree = "<group>"; };
		54644FC52BFEC7590042CA5F /* ViewController.swift */ = {isa = PBXFileReference; lastKnownFileType = sourcecode.swift; path = ViewController.swift; sourceTree = "<group>"; };
		54644FC82BFEC7590042CA5F /* Base */ = {isa = PBXFileReference; lastKnownFileType = file.storyboard; name = Base; path = Base.lproj/Main.storyboard; sourceTree = "<group>"; };
		54644FCA2BFEC7590042CA5F /* Assets.xcassets */ = {isa = PBXFileReference; lastKnownFileType = folder.assetcatalog; path = Assets.xcassets; sourceTree = "<group>"; };
		54644FCD2BFEC7590042CA5F /* Base */ = {isa = PBXFileReference; lastKnownFileType = file.storyboard; name = Base; path = Base.lproj/LaunchScreen.storyboard; sourceTree = "<group>"; };
		54644FCF2BFEC7590042CA5F /* Info.plist */ = {isa = PBXFileReference; lastKnownFileType = text.plist.xml; path = Info.plist; sourceTree = "<group>"; };
		54644FD52BFED9930042CA5F /* HateViewController.swift */ = {isa = PBXFileReference; lastKnownFileType = sourcecode.swift; path = HateViewController.swift; sourceTree = "<group>"; };
		54644FD72BFEEB030042CA5F /* ShowViewController.swift */ = {isa = PBXFileReference; lastKnownFileType = sourcecode.swift; path = ShowViewController.swift; sourceTree = "<group>"; };
		54644FD92BFEEB070042CA5F /* ModalViewController.swift */ = {isa = PBXFileReference; lastKnownFileType = sourcecode.swift; path = ModalViewController.swift; sourceTree = "<group>"; };
		54644FDB2BFF06070042CA5F /* Todo.storyboard */ = {isa = PBXFileReference; lastKnownFileType = file.storyboard; path = Todo.storyboard; sourceTree = "<group>"; };
		54644FDD2BFF06BD0042CA5F /* Search.storyboard */ = {isa = PBXFileReference; lastKnownFileType = file.storyboard; path = Search.storyboard; sourceTree = "<group>"; };
		54644FDF2BFF16190042CA5F /* SimpleTableViewController.swift */ = {isa = PBXFileReference; lastKnownFileType = sourcecode.swift; path = SimpleTableViewController.swift; sourceTree = "<group>"; };
		54644FE12BFF1E0B0042CA5F /* SimpleTableViewCell.swift */ = {isa = PBXFileReference; lastKnownFileType = sourcecode.swift; path = SimpleTableViewCell.swift; sourceTree = "<group>"; };
		54644FE32BFF23EB0042CA5F /* Assignment.storyboard */ = {isa = PBXFileReference; lastKnownFileType = file.storyboard; path = Assignment.storyboard; sourceTree = "<group>"; };
		54644FE72BFF28720042CA5F /* SettingTableViewController.swift */ = {isa = PBXFileReference; lastKnownFileType = sourcecode.swift; path = SettingTableViewController.swift; sourceTree = "<group>"; };
		54644FE92BFF2BF90042CA5F /* ShoppingTableViewController.swift */ = {isa = PBXFileReference; lastKnownFileType = sourcecode.swift; path = ShoppingTableViewController.swift; sourceTree = "<group>"; };
		54644FEB2BFF32C40042CA5F /* ShoppingTableViewCell.swift */ = {isa = PBXFileReference; lastKnownFileType = sourcecode.swift; path = ShoppingTableViewCell.swift; sourceTree = "<group>"; };
		54644FED2C002DC70042CA5F /* TodoTableViewController.swift */ = {isa = PBXFileReference; lastKnownFileType = sourcecode.swift; path = TodoTableViewController.swift; sourceTree = "<group>"; };
		54644FEF2C005D4D0042CA5F /* SearchTableViewController.swift */ = {isa = PBXFileReference; lastKnownFileType = sourcecode.swift; path = SearchTableViewController.swift; sourceTree = "<group>"; };
		54644FF12C005DA00042CA5F /* SearchTableViewCell.swift */ = {isa = PBXFileReference; lastKnownFileType = sourcecode.swift; path = SearchTableViewCell.swift; sourceTree = "<group>"; };
		54644FF42C0074470042CA5F /* Shoping.swift */ = {isa = PBXFileReference; lastKnownFileType = sourcecode.swift; path = Shoping.swift; sourceTree = "<group>"; };
/* End PBXFileReference section */

/* Begin PBXFrameworksBuildPhase section */
		54644FBB2BFEC7590042CA5F /* Frameworks */ = {
			isa = PBXFrameworksBuildPhase;
			buildActionMask = 2147483647;
			files = (
				54063B732C042B0900A82864 /* Kingfisher in Frameworks */,
			);
			runOnlyForDeploymentPostprocessing = 0;
		};
/* End PBXFrameworksBuildPhase section */

/* Begin PBXGroup section */
		54644FB52BFEC7590042CA5F = {
			isa = PBXGroup;
			children = (
				54644FC02BFEC7590042CA5F /* 20240523TableView */,
				54644FBF2BFEC7590042CA5F /* Products */,
			);
			sourceTree = "<group>";
		};
		54644FBF2BFEC7590042CA5F /* Products */ = {
			isa = PBXGroup;
			children = (
				54644FBE2BFEC7590042CA5F /* 20240523TableView.app */,
			);
			name = Products;
			sourceTree = "<group>";
		};
		54644FC02BFEC7590042CA5F /* 20240523TableView */ = {
			isa = PBXGroup;
			children = (
				54644FC12BFEC7590042CA5F /* AppDelegate.swift */,
				54644FC32BFEC7590042CA5F /* SceneDelegate.swift */,
				54644FC52BFEC7590042CA5F /* ViewController.swift */,
				54644FD52BFED9930042CA5F /* HateViewController.swift */,
				54644FC72BFEC7590042CA5F /* Main.storyboard */,
				54644FE32BFF23EB0042CA5F /* Assignment.storyboard */,
				54644FE72BFF28720042CA5F /* SettingTableViewController.swift */,
				54063B762C0439A900A82864 /* UILabel+Extension.swift */,
				54063B742C0437B800A82864 /* UIViewController+Extension.swift */,
				54644FF32C0073DB0042CA5F /* ShoppingTableView */,
				54644FDB2BFF06070042CA5F /* Todo.storyboard */,
				54644FDD2BFF06BD0042CA5F /* Search.storyboard */,
				54644FF12C005DA00042CA5F /* SearchTableViewCell.swift */,
				54644FEF2C005D4D0042CA5F /* SearchTableViewController.swift */,
				54644FED2C002DC70042CA5F /* TodoTableViewController.swift */,
				54644FDF2BFF16190042CA5F /* SimpleTableViewController.swift */,
				54644FE12BFF1E0B0042CA5F /* SimpleTableViewCell.swift */,
				54644FD72BFEEB030042CA5F /* ShowViewController.swift */,
				54644FD92BFEEB070042CA5F /* ModalViewController.swift */,
				54644FCA2BFEC7590042CA5F /* Assets.xcassets */,
				54644FCC2BFEC7590042CA5F /* LaunchScreen.storyboard */,
				54644FCF2BFEC7590042CA5F /* Info.plist */,
				54063B692C040E3E00A82864 /* FoodViewController.swift */,
				54063B6B2C04181E00A82864 /* FoodTableViewCell.swift */,
				54063B6C2C04181E00A82864 /* FoodTableViewCell.xib */,
				54063B6F2C041FA100A82864 /* Restaurant.swift */,
			);
			path = 20240523TableView;
			sourceTree = "<group>";
		};
		54644FF32C0073DB0042CA5F /* ShoppingTableView */ = {
			isa = PBXGroup;
			children = (
				54644FE92BFF2BF90042CA5F /* ShoppingTableViewController.swift */,
				54644FF42C0074470042CA5F /* Shoping.swift */,
				54644FEB2BFF32C40042CA5F /* ShoppingTableViewCell.swift */,
			);
			path = ShoppingTableView;
			sourceTree = "<group>";
		};
/* End PBXGroup section */

/* Begin PBXNativeTarget section */
		54644FBD2BFEC7590042CA5F /* 20240523TableView */ = {
			isa = PBXNativeTarget;
			buildConfigurationList = 54644FD22BFEC7590042CA5F /* Build configuration list for PBXNativeTarget "20240523TableView" */;
			buildPhases = (
				54644FBA2BFEC7590042CA5F /* Sources */,
				54644FBB2BFEC7590042CA5F /* Frameworks */,
				54644FBC2BFEC7590042CA5F /* Resources */,
			);
			buildRules = (
			);
			dependencies = (
			);
			name = 20240523TableView;
			packageProductDependencies = (
				54063B722C042B0900A82864 /* Kingfisher */,
			);
			productName = 20240523TableView;
			productReference = 54644FBE2BFEC7590042CA5F /* 20240523TableView.app */;
			productType = "com.apple.product-type.application";
		};
/* End PBXNativeTarget section */

/* Begin PBXProject section */
		54644FB62BFEC7590042CA5F /* Project object */ = {
			isa = PBXProject;
			attributes = {
				BuildIndependentTargetsInParallel = 1;
				LastSwiftUpdateCheck = 1530;
				LastUpgradeCheck = 1530;
				TargetAttributes = {
					54644FBD2BFEC7590042CA5F = {
						CreatedOnToolsVersion = 15.3;
					};
				};
			};
			buildConfigurationList = 54644FB92BFEC7590042CA5F /* Build configuration list for PBXProject "20240523TableView" */;
			compatibilityVersion = "Xcode 14.0";
			developmentRegion = en;
			hasScannedForEncodings = 0;
			knownRegions = (
				en,
				Base,
			);
			mainGroup = 54644FB52BFEC7590042CA5F;
			packageReferences = (
				54063B712C042B0900A82864 /* XCRemoteSwiftPackageReference "Kingfisher" */,
			);
			productRefGroup = 54644FBF2BFEC7590042CA5F /* Products */;
			projectDirPath = "";
			projectRoot = "";
			targets = (
				54644FBD2BFEC7590042CA5F /* 20240523TableView */,
			);
		};
/* End PBXProject section */

/* Begin PBXResourcesBuildPhase section */
		54644FBC2BFEC7590042CA5F /* Resources */ = {
			isa = PBXResourcesBuildPhase;
			buildActionMask = 2147483647;
			files = (
				54644FDC2BFF06070042CA5F /* Todo.storyboard in Resources */,
				54644FCB2BFEC7590042CA5F /* Assets.xcassets in Resources */,
				54644FCE2BFEC7590042CA5F /* Base in Resources */,
				54644FC92BFEC7590042CA5F /* Base in Resources */,
				54644FDE2BFF06BD0042CA5F /* Search.storyboard in Resources */,
				54063B6E2C04181E00A82864 /* FoodTableViewCell.xib in Resources */,
				54644FE42BFF23EB0042CA5F /* Assignment.storyboard in Resources */,
			);
			runOnlyForDeploymentPostprocessing = 0;
		};
/* End PBXResourcesBuildPhase section */

/* Begin PBXSourcesBuildPhase section */
		54644FBA2BFEC7590042CA5F /* Sources */ = {
			isa = PBXSourcesBuildPhase;
			buildActionMask = 2147483647;
			files = (
				54644FD82BFEEB030042CA5F /* ShowViewController.swift in Sources */,
				54644FF52C0074470042CA5F /* Shoping.swift in Sources */,
				54644FE22BFF1E0B0042CA5F /* SimpleTableViewCell.swift in Sources */,
				54644FD62BFED9930042CA5F /* HateViewController.swift in Sources */,
				54644FEE2C002DC70042CA5F /* TodoTableViewController.swift in Sources */,
				54644FEA2BFF2BF90042CA5F /* ShoppingTableViewController.swift in Sources */,
				54644FC62BFEC7590042CA5F /* ViewController.swift in Sources */,
				54644FEC2BFF32C40042CA5F /* ShoppingTableViewCell.swift in Sources */,
				54063B752C0437B800A82864 /* UIViewController+Extension.swift in Sources */,
				54063B702C041FA100A82864 /* Restaurant.swift in Sources */,
				54063B6D2C04181E00A82864 /* FoodTableViewCell.swift in Sources */,
				54644FC22BFEC7590042CA5F /* AppDelegate.swift in Sources */,
				54063B772C0439A900A82864 /* UILabel+Extension.swift in Sources */,
				54644FE02BFF16190042CA5F /* SimpleTableViewController.swift in Sources */,
				54063B6A2C040E3E00A82864 /* FoodViewController.swift in Sources */,
				54644FE82BFF28720042CA5F /* SettingTableViewController.swift in Sources */,
				54644FF02C005D4D0042CA5F /* SearchTableViewController.swift in Sources */,
				54644FDA2BFEEB070042CA5F /* ModalViewController.swift in Sources */,
				54644FC42BFEC7590042CA5F /* SceneDelegate.swift in Sources */,
				54644FF22C005DA00042CA5F /* SearchTableViewCell.swift in Sources */,
			);
			runOnlyForDeploymentPostprocessing = 0;
		};
/* End PBXSourcesBuildPhase section */

/* Begin PBXVariantGroup section */
		54644FC72BFEC7590042CA5F /* Main.storyboard */ = {
			isa = PBXVariantGroup;
			children = (
				54644FC82BFEC7590042CA5F /* Base */,
			);
			name = Main.storyboard;
			sourceTree = "<group>";
		};
		54644FCC2BFEC7590042CA5F /* LaunchScreen.storyboard */ = {
			isa = PBXVariantGroup;
			children = (
				54644FCD2BFEC7590042CA5F /* Base */,
			);
			name = LaunchScreen.storyboard;
			sourceTree = "<group>";
		};
/* End PBXVariantGroup section */

/* Begin XCBuildConfiguration section */
		54644FD02BFEC7590042CA5F /* Debug */ = {
			isa = XCBuildConfiguration;
			buildSettings = {
				ALWAYS_SEARCH_USER_PATHS = NO;
				ASSETCATALOG_COMPILER_GENERATE_SWIFT_ASSET_SYMBOL_EXTENSIONS = YES;
				CLANG_ANALYZER_NONNULL = YES;
				CLANG_ANALYZER_NUMBER_OBJECT_CONVERSION = YES_AGGRESSIVE;
				CLANG_CXX_LANGUAGE_STANDARD = "gnu++20";
				CLANG_ENABLE_MODULES = YES;
				CLANG_ENABLE_OBJC_ARC = YES;
				CLANG_ENABLE_OBJC_WEAK = YES;
				CLANG_WARN_BLOCK_CAPTURE_AUTORELEASING = YES;
				CLANG_WARN_BOOL_CONVERSION = YES;
				CLANG_WARN_COMMA = YES;
				CLANG_WARN_CONSTANT_CONVERSION = YES;
				CLANG_WARN_DEPRECATED_OBJC_IMPLEMENTATIONS = YES;
				CLANG_WARN_DIRECT_OBJC_ISA_USAGE = YES_ERROR;
				CLANG_WARN_DOCUMENTATION_COMMENTS = YES;
				CLANG_WARN_EMPTY_BODY = YES;
				CLANG_WARN_ENUM_CONVERSION = YES;
				CLANG_WARN_INFINITE_RECURSION = YES;
				CLANG_WARN_INT_CONVERSION = YES;
				CLANG_WARN_NON_LITERAL_NULL_CONVERSION = YES;
				CLANG_WARN_OBJC_IMPLICIT_RETAIN_SELF = YES;
				CLANG_WARN_OBJC_LITERAL_CONVERSION = YES;
				CLANG_WARN_OBJC_ROOT_CLASS = YES_ERROR;
				CLANG_WARN_QUOTED_INCLUDE_IN_FRAMEWORK_HEADER = YES;
				CLANG_WARN_RANGE_LOOP_ANALYSIS = YES;
				CLANG_WARN_STRICT_PROTOTYPES = YES;
				CLANG_WARN_SUSPICIOUS_MOVE = YES;
				CLANG_WARN_UNGUARDED_AVAILABILITY = YES_AGGRESSIVE;
				CLANG_WARN_UNREACHABLE_CODE = YES;
				CLANG_WARN__DUPLICATE_METHOD_MATCH = YES;
				COPY_PHASE_STRIP = NO;
				DEBUG_INFORMATION_FORMAT = dwarf;
				ENABLE_STRICT_OBJC_MSGSEND = YES;
				ENABLE_TESTABILITY = YES;
				ENABLE_USER_SCRIPT_SANDBOXING = YES;
				GCC_C_LANGUAGE_STANDARD = gnu17;
				GCC_DYNAMIC_NO_PIC = NO;
				GCC_NO_COMMON_BLOCKS = YES;
				GCC_OPTIMIZATION_LEVEL = 0;
				GCC_PREPROCESSOR_DEFINITIONS = (
					"DEBUG=1",
					"$(inherited)",
				);
				GCC_WARN_64_TO_32_BIT_CONVERSION = YES;
				GCC_WARN_ABOUT_RETURN_TYPE = YES_ERROR;
				GCC_WARN_UNDECLARED_SELECTOR = YES;
				GCC_WARN_UNINITIALIZED_AUTOS = YES_AGGRESSIVE;
				GCC_WARN_UNUSED_FUNCTION = YES;
				GCC_WARN_UNUSED_VARIABLE = YES;
				IPHONEOS_DEPLOYMENT_TARGET = 17.4;
				LOCALIZATION_PREFERS_STRING_CATALOGS = YES;
				MTL_ENABLE_DEBUG_INFO = INCLUDE_SOURCE;
				MTL_FAST_MATH = YES;
				ONLY_ACTIVE_ARCH = YES;
				SDKROOT = iphoneos;
				SWIFT_ACTIVE_COMPILATION_CONDITIONS = "DEBUG $(inherited)";
				SWIFT_OPTIMIZATION_LEVEL = "-Onone";
			};
			name = Debug;
		};
		54644FD12BFEC7590042CA5F /* Release */ = {
			isa = XCBuildConfiguration;
			buildSettings = {
				ALWAYS_SEARCH_USER_PATHS = NO;
				ASSETCATALOG_COMPILER_GENERATE_SWIFT_ASSET_SYMBOL_EXTENSIONS = YES;
				CLANG_ANALYZER_NONNULL = YES;
				CLANG_ANALYZER_NUMBER_OBJECT_CONVERSION = YES_AGGRESSIVE;
				CLANG_CXX_LANGUAGE_STANDARD = "gnu++20";
				CLANG_ENABLE_MODULES = YES;
				CLANG_ENABLE_OBJC_ARC = YES;
				CLANG_ENABLE_OBJC_WEAK = YES;
				CLANG_WARN_BLOCK_CAPTURE_AUTORELEASING = YES;
				CLANG_WARN_BOOL_CONVERSION = YES;
				CLANG_WARN_COMMA = YES;
				CLANG_WARN_CONSTANT_CONVERSION = YES;
				CLANG_WARN_DEPRECATED_OBJC_IMPLEMENTATIONS = YES;
				CLANG_WARN_DIRECT_OBJC_ISA_USAGE = YES_ERROR;
				CLANG_WARN_DOCUMENTATION_COMMENTS = YES;
				CLANG_WARN_EMPTY_BODY = YES;
				CLANG_WARN_ENUM_CONVERSION = YES;
				CLANG_WARN_INFINITE_RECURSION = YES;
				CLANG_WARN_INT_CONVERSION = YES;
				CLANG_WARN_NON_LITERAL_NULL_CONVERSION = YES;
				CLANG_WARN_OBJC_IMPLICIT_RETAIN_SELF = YES;
				CLANG_WARN_OBJC_LITERAL_CONVERSION = YES;
				CLANG_WARN_OBJC_ROOT_CLASS = YES_ERROR;
				CLANG_WARN_QUOTED_INCLUDE_IN_FRAMEWORK_HEADER = YES;
				CLANG_WARN_RANGE_LOOP_ANALYSIS = YES;
				CLANG_WARN_STRICT_PROTOTYPES = YES;
				CLANG_WARN_SUSPICIOUS_MOVE = YES;
				CLANG_WARN_UNGUARDED_AVAILABILITY = YES_AGGRESSIVE;
				CLANG_WARN_UNREACHABLE_CODE = YES;
				CLANG_WARN__DUPLICATE_METHOD_MATCH = YES;
				COPY_PHASE_STRIP = NO;
				DEBUG_INFORMATION_FORMAT = "dwarf-with-dsym";
				ENABLE_NS_ASSERTIONS = NO;
				ENABLE_STRICT_OBJC_MSGSEND = YES;
				ENABLE_USER_SCRIPT_SANDBOXING = YES;
				GCC_C_LANGUAGE_STANDARD = gnu17;
				GCC_NO_COMMON_BLOCKS = YES;
				GCC_WARN_64_TO_32_BIT_CONVERSION = YES;
				GCC_WARN_ABOUT_RETURN_TYPE = YES_ERROR;
				GCC_WARN_UNDECLARED_SELECTOR = YES;
				GCC_WARN_UNINITIALIZED_AUTOS = YES_AGGRESSIVE;
				GCC_WARN_UNUSED_FUNCTION = YES;
				GCC_WARN_UNUSED_VARIABLE = YES;
				IPHONEOS_DEPLOYMENT_TARGET = 17.4;
				LOCALIZATION_PREFERS_STRING_CATALOGS = YES;
				MTL_ENABLE_DEBUG_INFO = NO;
				MTL_FAST_MATH = YES;
				SDKROOT = iphoneos;
				SWIFT_COMPILATION_MODE = wholemodule;
				VALIDATE_PRODUCT = YES;
			};
			name = Release;
		};
		54644FD32BFEC7590042CA5F /* Debug */ = {
			isa = XCBuildConfiguration;
			buildSettings = {
				ASSETCATALOG_COMPILER_APPICON_NAME = AppIcon;
				ASSETCATALOG_COMPILER_GLOBAL_ACCENT_COLOR_NAME = AccentColor;
				CODE_SIGN_STYLE = Automatic;
				CURRENT_PROJECT_VERSION = 1;
				GENERATE_INFOPLIST_FILE = YES;
				INFOPLIST_FILE = 20240523TableView/Info.plist;
				INFOPLIST_KEY_UIApplicationSupportsIndirectInputEvents = YES;
				INFOPLIST_KEY_UILaunchStoryboardName = LaunchScreen;
				INFOPLIST_KEY_UIMainStoryboardFile = Main;
				INFOPLIST_KEY_UISupportedInterfaceOrientations_iPad = "UIInterfaceOrientationPortrait UIInterfaceOrientationPortraitUpsideDown UIInterfaceOrientationLandscapeLeft UIInterfaceOrientationLandscapeRight";
				INFOPLIST_KEY_UISupportedInterfaceOrientations_iPhone = "UIInterfaceOrientationPortrait UIInterfaceOrientationLandscapeLeft UIInterfaceOrientationLandscapeRight";
				IPHONEOS_DEPLOYMENT_TARGET = 16.0;
				LD_RUNPATH_SEARCH_PATHS = (
					"$(inherited)",
					"@executable_path/Frameworks",
				);
				MARKETING_VERSION = 1.0;
				PRODUCT_BUNDLE_IDENTIFIER = "com.lcho3878.-0240523TableView";
				PRODUCT_NAME = "$(TARGET_NAME)";
				SUPPORTED_PLATFORMS = "iphoneos iphonesimulator";
				SUPPORTS_MACCATALYST = NO;
				SUPPORTS_MAC_DESIGNED_FOR_IPHONE_IPAD = NO;
				SUPPORTS_XR_DESIGNED_FOR_IPHONE_IPAD = NO;
				SWIFT_EMIT_LOC_STRINGS = YES;
				SWIFT_VERSION = 5.0;
				TARGETED_DEVICE_FAMILY = 1;
			};
			name = Debug;
		};
		54644FD42BFEC7590042CA5F /* Release */ = {
			isa = XCBuildConfiguration;
			buildSettings = {
				ASSETCATALOG_COMPILER_APPICON_NAME = AppIcon;
				ASSETCATALOG_COMPILER_GLOBAL_ACCENT_COLOR_NAME = AccentColor;
				CODE_SIGN_STYLE = Automatic;
				CURRENT_PROJECT_VERSION = 1;
				GENERATE_INFOPLIST_FILE = YES;
				INFOPLIST_FILE = 20240523TableView/Info.plist;
				INFOPLIST_KEY_UIApplicationSupportsIndirectInputEvents = YES;
				INFOPLIST_KEY_UILaunchStoryboardName = LaunchScreen;
				INFOPLIST_KEY_UIMainStoryboardFile = Main;
				INFOPLIST_KEY_UISupportedInterfaceOrientations_iPad = "UIInterfaceOrientationPortrait UIInterfaceOrientationPortraitUpsideDown UIInterfaceOrientationLandscapeLeft UIInterfaceOrientationLandscapeRight";
				INFOPLIST_KEY_UISupportedInterfaceOrientations_iPhone = "UIInterfaceOrientationPortrait UIInterfaceOrientationLandscapeLeft UIInterfaceOrientationLandscapeRight";
				IPHONEOS_DEPLOYMENT_TARGET = 16.0;
				LD_RUNPATH_SEARCH_PATHS = (
					"$(inherited)",
					"@executable_path/Frameworks",
				);
				MARKETING_VERSION = 1.0;
				PRODUCT_BUNDLE_IDENTIFIER = "com.lcho3878.-0240523TableView";
				PRODUCT_NAME = "$(TARGET_NAME)";
				SUPPORTED_PLATFORMS = "iphoneos iphonesimulator";
				SUPPORTS_MACCATALYST = NO;
				SUPPORTS_MAC_DESIGNED_FOR_IPHONE_IPAD = NO;
				SUPPORTS_XR_DESIGNED_FOR_IPHONE_IPAD = NO;
				SWIFT_EMIT_LOC_STRINGS = YES;
				SWIFT_VERSION = 5.0;
				TARGETED_DEVICE_FAMILY = 1;
			};
			name = Release;
		};
/* End XCBuildConfiguration section */

/* Begin XCConfigurationList section */
		54644FB92BFEC7590042CA5F /* Build configuration list for PBXProject "20240523TableView" */ = {
			isa = XCConfigurationList;
			buildConfigurations = (
				54644FD02BFEC7590042CA5F /* Debug */,
				54644FD12BFEC7590042CA5F /* Release */,
			);
			defaultConfigurationIsVisible = 0;
			defaultConfigurationName = Release;
		};
		54644FD22BFEC7590042CA5F /* Build configuration list for PBXNativeTarget "20240523TableView" */ = {
			isa = XCConfigurationList;
			buildConfigurations = (
				54644FD32BFEC7590042CA5F /* Debug */,
				54644FD42BFEC7590042CA5F /* Release */,
			);
			defaultConfigurationIsVisible = 0;
			defaultConfigurationName = Release;
		};
/* End XCConfigurationList section */

/* Begin XCRemoteSwiftPackageReference section */
		54063B712C042B0900A82864 /* XCRemoteSwiftPackageReference "Kingfisher" */ = {
			isa = XCRemoteSwiftPackageReference;
			repositoryURL = "https://github.com/onevcat/Kingfisher";
			requirement = {
				kind = upToNextMajorVersion;
				minimumVersion = 7.11.0;
			};
		};
/* End XCRemoteSwiftPackageReference section */

/* Begin XCSwiftPackageProductDependency section */
		54063B722C042B0900A82864 /* Kingfisher */ = {
			isa = XCSwiftPackageProductDependency;
			package = 54063B712C042B0900A82864 /* XCRemoteSwiftPackageReference "Kingfisher" */;
			productName = Kingfisher;
		};
/* End XCSwiftPackageProductDependency section */
	};
	rootObject = 54644FB62BFEC7590042CA5F /* Project object */;
}
